
Microsoft Visual Studio Solution File, Format Version 12.00
# Visual Studio Version 17
VisualStudioVersion = 17.4.33122.133
MinimumVisualStudioVersion = 10.0.40219.1
Project("{FAE04EC0-301F-11D3-BF4B-00C04F79EFBC}") = "LeetCodeConsole", "LeetCodeConsole\LeetCodeConsole.csproj", "{EC76BC22-71F2-40AE-BFEC-DA8FC5D7C71F}"
EndProject
Global
	GlobalSection(SolutionConfigurationPlatforms) = preSolution
		Debug|Any CPU = Debug|Any CPU
		Release|Any CPU = Release|Any CPU
	EndGlobalSection
	GlobalSection(ProjectConfigurationPlatforms) = postSolution
		{EC76BC22-71F2-40AE-BFEC-DA8FC5D7C71F}.Debug|Any CPU.ActiveCfg = Debug|Any CPU
		{EC76BC22-71F2-40AE-BFEC-DA8FC5D7C71F}.Debug|Any CPU.Build.0 = Debug|Any CPU
		{EC76BC22-71F2-40AE-BFEC-DA8FC5D7C71F}.Release|Any CPU.ActiveCfg = Release|Any CPU
		{EC76BC22-71F2-40AE-BFEC-DA8FC5D7C71F}.Release|Any CPU.Build.0 = Release|Any CPU
	EndGlobalSection
	GlobalSection(SolutionProperties) = preSolution
		HideSolutionNode = FALSE
	EndGlobalSection
	GlobalSection(ExtensibilityGlobals) = postSolution
		SolutionGuid = {DB3E14E0-CCD0-40F1-A225-AB07790E283A}
	EndGlobalSection
EndGlobal
